
Microsoft Visual Studio Solution File, Format Version 12.00
# Visual Studio Version 17
VisualStudioVersion = 17.11.35312.102
MinimumVisualStudioVersion = 10.0.40219.1
Project("{FAE04EC0-301F-11D3-BF4B-00C04F79EFBC}") = "OperationsPortal", "OperationsPortal\OperationsPortal.csproj", "{17B77C4F-048C-42F4-A67B-B44232FFB892}"
EndProject
Global
	GlobalSection(SolutionConfigurationPlatforms) = preSolution
		Debug|Any CPU = Debug|Any CPU
		Release|Any CPU = Release|Any CPU
	EndGlobalSection
	GlobalSection(ProjectConfigurationPlatforms) = postSolution
		{17B77C4F-048C-42F4-A67B-B44232FFB892}.Debug|Any CPU.ActiveCfg = Debug|Any CPU
		{17B77C4F-048C-42F4-A67B-B44232FFB892}.Debug|Any CPU.Build.0 = Debug|Any CPU
		{17B77C4F-048C-42F4-A67B-B44232FFB892}.Release|Any CPU.ActiveCfg = Release|Any CPU
		{17B77C4F-048C-42F4-A67B-B44232FFB892}.Release|Any CPU.Build.0 = Release|Any CPU
	EndGlobalSection
	GlobalSection(SolutionProperties) = preSolution
		HideSolutionNode = FALSE
	EndGlobalSection
	GlobalSection(ExtensibilityGlobals) = postSolution
		SolutionGuid = {D13FC6BB-D6FF-46EB-A6CD-FDC8F637B571}
	EndGlobalSection
EndGlobal
