
Microsoft Visual Studio Solution File, Format Version 12.00
# Visual Studio Version 17
VisualStudioVersion = 17.11.35312.102
MinimumVisualStudioVersion = 10.0.40219.1
Project("{FAE04EC0-301F-11D3-BF4B-00C04F79EFBC}") = "INSPECTORATESuppliers", "INSPECTORATESuppliers\INSPECTORATESuppliers.csproj", "{69672416-3CBE-4108-BF4B-1834BE5C10BC}"
EndProject
Global
	GlobalSection(SolutionConfigurationPlatforms) = preSolution
		Debug|Any CPU = Debug|Any CPU
		Release|Any CPU = Release|Any CPU
	EndGlobalSection
	GlobalSection(ProjectConfigurationPlatforms) = postSolution
		{69672416-3CBE-4108-BF4B-1834BE5C10BC}.Debug|Any CPU.ActiveCfg = Debug|Any CPU
		{69672416-3CBE-4108-BF4B-1834BE5C10BC}.Debug|Any CPU.Build.0 = Debug|Any CPU
		{69672416-3CBE-4108-BF4B-1834BE5C10BC}.Release|Any CPU.ActiveCfg = Release|Any CPU
		{69672416-3CBE-4108-BF4B-1834BE5C10BC}.Release|Any CPU.Build.0 = Release|Any CPU
	EndGlobalSection
	GlobalSection(SolutionProperties) = preSolution
		HideSolutionNode = FALSE
	EndGlobalSection
	GlobalSection(ExtensibilityGlobals) = postSolution
		SolutionGuid = {D0C264DF-0716-4A6F-812C-F3317126AD33}
	EndGlobalSection
EndGlobal
